{
  "lockfileVersion": 0,
  "workspaces": {
    "": {
      "dependencies": {
        "@inquirer/prompts": "^7.2.3",
        "@types/node": "^22.7.5",
        "chalk": "5.3.0",
        "cli-table3": "^0.6.5",
        "commander": "^12.1.0",
        "js-yaml": "^4.1.0",
        "tmp": "^0.2.3",
      },
    },
  },
  "packages": {
    "@colors/colors": ["@colors/colors@1.5.0", "", {}, "sha512-ooWCrlZP11i8GImSjTHYHLkvFDP48nS4+204nGb1RiX/WXYHmJA2III9/e2DWVabCESdW7hBAEzHRqUn9OUVvQ=="],

    "@inquirer/checkbox": ["@inquirer/checkbox@4.0.7", "", { "dependencies": { "@inquirer/core": "^10.1.5", "@inquirer/figures": "^1.0.10", "@inquirer/type": "^3.0.3", "ansi-escapes": "^4.3.2", "yoctocolors-cjs": "^2.1.2" }, "peerDependencies": { "@types/node": ">=18" } }, "sha512-lyoF4uYdBBTnqeB1gjPdYkiQ++fz/iYKaP9DON1ZGlldkvAEJsjaOBRdbl5UW1pOSslBRd701jxhAG0MlhHd2w=="],

    "@inquirer/confirm": ["@inquirer/confirm@5.1.4", "", { "dependencies": { "@inquirer/core": "^10.1.5", "@inquirer/type": "^3.0.3" }, "peerDependencies": { "@types/node": ">=18" } }, "sha512-EsiT7K4beM5fN5Mz6j866EFA9+v9d5o9VUra3hrg8zY4GHmCS8b616FErbdo5eyKoVotBQkHzMIeeKYsKDStDw=="],

    "@inquirer/core": ["@inquirer/core@10.1.5", "", { "dependencies": { "@inquirer/figures": "^1.0.10", "@inquirer/type": "^3.0.3", "ansi-escapes": "^4.3.2", "cli-width": "^4.1.0", "mute-stream": "^2.0.0", "signal-exit": "^4.1.0", "wrap-ansi": "^6.2.0", "yoctocolors-cjs": "^2.1.2" } }, "sha512-/vyCWhET0ktav/mUeBqJRYTwmjFPIKPRYb3COAw7qORULgipGSUO2vL32lQKki3UxDKJ8BvuEbokaoyCA6YlWw=="],

    "@inquirer/editor": ["@inquirer/editor@4.2.4", "", { "dependencies": { "@inquirer/core": "^10.1.5", "@inquirer/type": "^3.0.3", "external-editor": "^3.1.0" }, "peerDependencies": { "@types/node": ">=18" } }, "sha512-S8b6+K9PLzxiFGGc02m4syhEu5JsH0BukzRsuZ+tpjJ5aDsDX1WfNfOil2fmsO36Y1RMcpJGxlfQ1yh4WfU28Q=="],

    "@inquirer/expand": ["@inquirer/expand@4.0.7", "", { "dependencies": { "@inquirer/core": "^10.1.5", "@inquirer/type": "^3.0.3", "yoctocolors-cjs": "^2.1.2" }, "peerDependencies": { "@types/node": ">=18" } }, "sha512-PsUQ5t7r+DPjW0VVEHzssOTBM2UPHnvBNse7hzuki7f6ekRL94drjjfBLrGEDe7cgj3pguufy/cuFwMeWUWHXw=="],

    "@inquirer/figures": ["@inquirer/figures@1.0.10", "", {}, "sha512-Ey6176gZmeqZuY/W/nZiUyvmb1/qInjcpiZjXWi6nON+nxJpD1bxtSoBxNliGISae32n6OwbY+TSXPZ1CfS4bw=="],

    "@inquirer/input": ["@inquirer/input@4.1.4", "", { "dependencies": { "@inquirer/core": "^10.1.5", "@inquirer/type": "^3.0.3" }, "peerDependencies": { "@types/node": ">=18" } }, "sha512-CKKF8otRBdIaVnRxkFLs00VNA9HWlEh3x4SqUfC3A8819TeOZpTYG/p+4Nqu3hh97G+A0lxkOZNYE7KISgU8BA=="],

    "@inquirer/number": ["@inquirer/number@3.0.7", "", { "dependencies": { "@inquirer/core": "^10.1.5", "@inquirer/type": "^3.0.3" }, "peerDependencies": { "@types/node": ">=18" } }, "sha512-uU2nmXGC0kD8+BLgwZqcgBD1jcw2XFww2GmtP6b4504DkOp+fFAhydt7JzRR1TAI2dmj175p4SZB0lxVssNreA=="],

    "@inquirer/password": ["@inquirer/password@4.0.7", "", { "dependencies": { "@inquirer/core": "^10.1.5", "@inquirer/type": "^3.0.3", "ansi-escapes": "^4.3.2" }, "peerDependencies": { "@types/node": ">=18" } }, "sha512-DFpqWLx+C5GV5zeFWuxwDYaeYnTWYphO07pQ2VnP403RIqRIpwBG0ATWf7pF+3IDbaXEtWatCJWxyDrJ+rkj2A=="],

    "@inquirer/prompts": ["@inquirer/prompts@7.2.4", "", { "dependencies": { "@inquirer/checkbox": "^4.0.7", "@inquirer/confirm": "^5.1.4", "@inquirer/editor": "^4.2.4", "@inquirer/expand": "^4.0.7", "@inquirer/input": "^4.1.4", "@inquirer/number": "^3.0.7", "@inquirer/password": "^4.0.7", "@inquirer/rawlist": "^4.0.7", "@inquirer/search": "^3.0.7", "@inquirer/select": "^4.0.7" }, "peerDependencies": { "@types/node": ">=18" } }, "sha512-Zn2XZL2VZl76pllUjeDnS6Poz2Oiv9kmAZdSZw1oFya985+/JXZ3GZ2JUWDokAPDhvuhkv9qz0Z7z/U80G8ztA=="],

    "@inquirer/rawlist": ["@inquirer/rawlist@4.0.7", "", { "dependencies": { "@inquirer/core": "^10.1.5", "@inquirer/type": "^3.0.3", "yoctocolors-cjs": "^2.1.2" }, "peerDependencies": { "@types/node": ">=18" } }, "sha512-ZeBca+JCCtEIwQMvhuROT6rgFQWWvAImdQmIIP3XoyDFjrp2E0gZlEn65sWIoR6pP2EatYK96pvx0887OATWQQ=="],

    "@inquirer/search": ["@inquirer/search@3.0.7", "", { "dependencies": { "@inquirer/core": "^10.1.5", "@inquirer/figures": "^1.0.10", "@inquirer/type": "^3.0.3", "yoctocolors-cjs": "^2.1.2" }, "peerDependencies": { "@types/node": ">=18" } }, "sha512-Krq925SDoLh9AWSNee8mbSIysgyWtcPnSAp5YtPBGCQ+OCO+5KGC8FwLpyxl8wZ2YAov/8Tp21stTRK/fw5SGg=="],

    "@inquirer/select": ["@inquirer/select@4.0.7", "", { "dependencies": { "@inquirer/core": "^10.1.5", "@inquirer/figures": "^1.0.10", "@inquirer/type": "^3.0.3", "ansi-escapes": "^4.3.2", "yoctocolors-cjs": "^2.1.2" }, "peerDependencies": { "@types/node": ">=18" } }, "sha512-ejGBMDSD+Iqk60u5t0Zf2UQhGlJWDM78Ep70XpNufIfc+f4VOTeybYKXu9pDjz87FkRzLiVsGpQG2SzuGlhaJw=="],

    "@inquirer/type": ["@inquirer/type@3.0.3", "", { "peerDependencies": { "@types/node": ">=18" } }, "sha512-I4VIHFxUuY1bshGbXZTxCmhwaaEst9s/lll3ekok+o1Z26/ZUKdx8y1b7lsoG6rtsBDwEGfiBJ2SfirjoISLpg=="],

    "@types/node": ["@types/node@22.7.5", "", { "dependencies": { "undici-types": "~6.19.2" } }, "sha512-jML7s2NAzMWc//QSJ1a3prpk78cOPchGvXJsC3C6R6PSMoooztvRVQEz89gmBTBY1SPMaqo5teB4uNHPdetShQ=="],

    "ansi-escapes": ["ansi-escapes@4.3.2", "", { "dependencies": { "type-fest": "^0.21.3" } }, "sha512-gKXj5ALrKWQLsYG9jlTRmR/xKluxHV+Z9QEwNIgCfM1/uwPMCuzVVnh5mwTd+OuBZcwSIMbqssNWRm1lE51QaQ=="],

    "ansi-regex": ["ansi-regex@5.0.1", "", {}, "sha512-quJQXlTSUGL2LH9SUXo8VwsY4soanhgo6LNSm84E1LBcE8s3O0wpdiRzyR9z/ZZJMlMWv37qOOb9pdJlMUEKFQ=="],

    "ansi-styles": ["ansi-styles@4.3.0", "", { "dependencies": { "color-convert": "^2.0.1" } }, "sha512-zbB9rCJAT1rbjiVDb2hqKFHNYLxgtk8NURxZ3IZwD3F6NtxbXZQCnnSi1Lkx+IDohdPlFp222wVALIheZJQSEg=="],

    "argparse": ["argparse@2.0.1", "", {}, "sha512-8+9WqebbFzpX9OR+Wa6O29asIogeRMzcGtAINdpMHHyAg10f05aSFVBbcEqGf/PXw1EjAZ+q2/bEBg3DvurK3Q=="],

    "chalk": ["chalk@5.3.0", "", {}, "sha512-dLitG79d+GV1Nb/VYcCDFivJeK1hiukt9QjRNVOsUtTy1rR1YJsmpGGTZ3qJos+uw7WmWF4wUwBd9jxjocFC2w=="],

    "chardet": ["chardet@0.7.0", "", {}, "sha512-mT8iDcrh03qDGRRmoA2hmBJnxpllMR+0/0qlzjqZES6NdiWDcZkCNAk4rPFZ9Q85r27unkiNNg8ZOiwZXBHwcA=="],

    "cli-table3": ["cli-table3@0.6.5", "", { "dependencies": { "string-width": "^4.2.0" }, "optionalDependencies": { "@colors/colors": "1.5.0" } }, "sha512-+W/5efTR7y5HRD7gACw9yQjqMVvEMLBHmboM/kPWam+H+Hmyrgjh6YncVKK122YZkXrLudzTuAukUw9FnMf7IQ=="],

    "cli-width": ["cli-width@4.1.0", "", {}, "sha512-ouuZd4/dm2Sw5Gmqy6bGyNNNe1qt9RpmxveLSO7KcgsTnU7RXfsw+/bukWGo1abgBiMAic068rclZsO4IWmmxQ=="],

    "color-convert": ["color-convert@2.0.1", "", { "dependencies": { "color-name": "~1.1.4" } }, "sha512-RRECPsj7iu/xb5oKYcsFHSppFNnsj/52OVTRKb4zP5onXwVF3zVmmToNcOfGC+CRDpfK/U584fMg38ZHCaElKQ=="],

    "color-name": ["color-name@1.1.4", "", {}, "sha512-dOy+3AuW3a2wNbZHIuMZpTcgjGuLU/uBL/ubcZF9OXbDo8ff4O8yVp5Bf0efS8uEoYo5q4Fx7dY9OgQGXgAsQA=="],

    "commander": ["commander@12.1.0", "", {}, "sha512-Vw8qHK3bZM9y/P10u3Vib8o/DdkvA2OtPtZvD871QKjy74Wj1WSKFILMPRPSdUSx5RFK1arlJzEtA4PkFgnbuA=="],

    "emoji-regex": ["emoji-regex@8.0.0", "", {}, "sha512-MSjYzcWNOA0ewAHpz0MxpYFvwg6yjy1NG3xteoqz644VCo/RPgnr1/GGt+ic3iJTzQ8Eu3TdM14SawnVUmGE6A=="],

    "external-editor": ["external-editor@3.1.0", "", { "dependencies": { "chardet": "^0.7.0", "iconv-lite": "^0.4.24", "tmp": "^0.0.33" } }, "sha512-hMQ4CX1p1izmuLYyZqLMO/qGNw10wSv9QDCPfzXfyFrOaCSSoRfqE1Kf1s5an66J5JZC62NewG+mK49jOCtQew=="],

    "iconv-lite": ["iconv-lite@0.4.24", "", { "dependencies": { "safer-buffer": ">= 2.1.2 < 3" } }, "sha512-v3MXnZAcvnywkTUEZomIActle7RXXeedOR31wwl7VlyoXO4Qi9arvSenNQWne1TcRwhCL1HwLI21bEqdpj8/rA=="],

    "is-fullwidth-code-point": ["is-fullwidth-code-point@3.0.0", "", {}, "sha512-zymm5+u+sCsSWyD9qNaejV3DFvhCKclKdizYaJUuHA83RLjb7nSuGnddCHGv0hk+KY7BMAlsWeK4Ueg6EV6XQg=="],

    "js-yaml": ["js-yaml@4.1.0", "", { "dependencies": { "argparse": "^2.0.1" }, "bin": { "js-yaml": "bin/js-yaml.js" } }, "sha512-wpxZs9NoxZaJESJGIZTyDEaYpl0FKSA+FB9aJiyemKhMwkxQg63h4T1KJgUGHpTqPDNRcmmYLugrRjJlBtWvRA=="],

    "mute-stream": ["mute-stream@2.0.0", "", {}, "sha512-WWdIxpyjEn+FhQJQQv9aQAYlHoNVdzIzUySNV1gHUPDSdZJ3yZn7pAAbQcV7B56Mvu881q9FZV+0Vx2xC44VWA=="],

    "os-tmpdir": ["os-tmpdir@1.0.2", "", {}, "sha512-D2FR03Vir7FIu45XBY20mTb+/ZSWB00sjU9jdQXt83gDrI4Ztz5Fs7/yy74g2N5SVQY4xY1qDr4rNddwYRVX0g=="],

    "safer-buffer": ["safer-buffer@2.1.2", "", {}, "sha512-YZo3K82SD7Riyi0E1EQPojLz7kpepnSQI9IyPbHHg1XXXevb5dJI7tpyN2ADxGcQbHG7vcyRHk0cbwqcQriUtg=="],

    "signal-exit": ["signal-exit@4.1.0", "", {}, "sha512-bzyZ1e88w9O1iNJbKnOlvYTrWPDl46O1bG0D3XInv+9tkPrxrN8jUUTiFlDkkmKWgn1M6CfIA13SuGqOa9Korw=="],

    "string-width": ["string-width@4.2.3", "", { "dependencies": { "emoji-regex": "^8.0.0", "is-fullwidth-code-point": "^3.0.0", "strip-ansi": "^6.0.1" } }, "sha512-wKyQRQpjJ0sIp62ErSZdGsjMJWsap5oRNihHhu6G7JVO/9jIB6UyevL+tXuOqrng8j/cxKTWyWUwvSTriiZz/g=="],

    "strip-ansi": ["strip-ansi@6.0.1", "", { "dependencies": { "ansi-regex": "^5.0.1" } }, "sha512-Y38VPSHcqkFrCpFnQ9vuSXmquuv5oXOKpGeT6aGrr3o3Gc9AlVa6JBfUSOCnbxGGZF+/0ooI7KrPuUSztUdU5A=="],

    "tmp": ["tmp@0.2.3", "", {}, "sha512-nZD7m9iCPC5g0pYmcaxogYKggSfLsdxl8of3Q/oIbqCqLLIO9IAF0GWjX1z9NZRHPiXv8Wex4yDCaZsgEw0Y8w=="],

    "type-fest": ["type-fest@0.21.3", "", {}, "sha512-t0rzBq87m3fVcduHDUFhKmyyX+9eo6WQjZvf51Ea/M0Q7+T374Jp1aUiyUl0GKxp8M/OETVHSDvmkyPgvX+X2w=="],

    "undici-types": ["undici-types@6.19.8", "", {}, "sha512-ve2KP6f/JnbPBFyobGHuerC9g1FYGn/F8n1LWTwNxCEzd6IfqTwUQcNXgEtmmQ6DlRrC1hrSrBnCZPokRrDHjw=="],

    "wrap-ansi": ["wrap-ansi@6.2.0", "", { "dependencies": { "ansi-styles": "^4.0.0", "string-width": "^4.1.0", "strip-ansi": "^6.0.0" } }, "sha512-r6lPcBGxZXlIcymEu7InxDMhdW0KDxpLgoFLcguasxCaJ/SOIZwINatK9KY/tf+ZrlywOKU0UDj3ATXUBfxJXA=="],

    "yoctocolors-cjs": ["yoctocolors-cjs@2.1.2", "", {}, "sha512-cYVsTjKl8b+FrnidjibDWskAv7UKOfcwaVZdp/it9n1s9fU3IkgDbhdIRKCW4JDsAlECJY0ytoVPT3sK6kideA=="],

    "external-editor/tmp": ["tmp@0.0.33", "", { "dependencies": { "os-tmpdir": "~1.0.2" } }, "sha512-jRCJlojKnZ3addtTOjdIqoRuPEKBvNXcGYqzO6zWZX8KfKEpnGY5jfggJQ3EjKuu8D4bJRr0y+cYJFmYbImXGw=="],
  }
}
